
Microsoft Visual Studio Solution File, Format Version 12.00
# Visual Studio Version 17
VisualStudioVersion = 17.7.34024.191
MinimumVisualStudioVersion = 10.0.40219.1
Project("{FAE04EC0-301F-11D3-BF4B-00C04F79EFBC}") = "ConsumingWebServiceUsingWcf", "ConsumingWebServiceUsingWcf.csproj", "{14F06F9F-D8FE-4FE1-B412-360C0BE43403}"
EndProject
Project("{FAE04EC0-301F-11D3-BF4B-00C04F79EFBC}") = "ConsumingWebServiceUsingWcfHost", "..\ConsumingWebServiceUsingWcfHost\ConsumingWebServiceUsingWcfHost.csproj", "{611A8A3C-100E-4509-843B-F4C74C359DDD}"
EndProject
Project("{FAE04EC0-301F-11D3-BF4B-00C04F79EFBC}") = "ConsumingWebServiceUsingWcfClient", "..\ConsumingWebServiceUsingWcfClient\ConsumingWebServiceUsingWcfClient.csproj", "{7E1619EE-F27A-434A-B55E-E0A1A2DE0129}"
EndProject
Global
	GlobalSection(SolutionConfigurationPlatforms) = preSolution
		Debug|Any CPU = Debug|Any CPU
		Release|Any CPU = Release|Any CPU
	EndGlobalSection
	GlobalSection(ProjectConfigurationPlatforms) = postSolution
		{14F06F9F-D8FE-4FE1-B412-360C0BE43403}.Debug|Any CPU.ActiveCfg = Debug|Any CPU
		{14F06F9F-D8FE-4FE1-B412-360C0BE43403}.Debug|Any CPU.Build.0 = Debug|Any CPU
		{14F06F9F-D8FE-4FE1-B412-360C0BE43403}.Release|Any CPU.ActiveCfg = Release|Any CPU
		{14F06F9F-D8FE-4FE1-B412-360C0BE43403}.Release|Any CPU.Build.0 = Release|Any CPU
		{611A8A3C-100E-4509-843B-F4C74C359DDD}.Debug|Any CPU.ActiveCfg = Debug|Any CPU
		{611A8A3C-100E-4509-843B-F4C74C359DDD}.Debug|Any CPU.Build.0 = Debug|Any CPU
		{611A8A3C-100E-4509-843B-F4C74C359DDD}.Release|Any CPU.ActiveCfg = Release|Any CPU
		{611A8A3C-100E-4509-843B-F4C74C359DDD}.Release|Any CPU.Build.0 = Release|Any CPU
		{7E1619EE-F27A-434A-B55E-E0A1A2DE0129}.Debug|Any CPU.ActiveCfg = Debug|Any CPU
		{7E1619EE-F27A-434A-B55E-E0A1A2DE0129}.Debug|Any CPU.Build.0 = Debug|Any CPU
		{7E1619EE-F27A-434A-B55E-E0A1A2DE0129}.Release|Any CPU.ActiveCfg = Release|Any CPU
		{7E1619EE-F27A-434A-B55E-E0A1A2DE0129}.Release|Any CPU.Build.0 = Release|Any CPU
	EndGlobalSection
	GlobalSection(SolutionProperties) = preSolution
		HideSolutionNode = FALSE
	EndGlobalSection
	GlobalSection(ExtensibilityGlobals) = postSolution
		SolutionGuid = {69473240-D806-446B-AC93-5EF698C497AC}
	EndGlobalSection
EndGlobal
